PODS:
  - Kingfisher (5.15.8):
    - Kingfisher/Core (= 5.15.8)
  - Kingfisher/Core (5.15.8)

DEPENDENCIES:
  - Kingfisher

SPEC REPOS:
  trunk:
    - Kingfisher

SPEC CHECKSUMS:
  Kingfisher: a3c03d702433fa6cfedabb2bddbe076fb8f2e902

PODFILE CHECKSUM: 4d6a805a453a51a7ad0b8408fc4ba978cde49005

COCOAPODS: 1.9.1
